
Microsoft Visual Studio Solution File, Format Version 12.00
Project("{FAE04EC0-301F-11D3-BF4B-00C04F79EFBC}") = "Matematika", "Matematika\Matematika.csproj", "{94804CC3-8974-4770-9DB1-326E6230F416}"
EndProject
Global
	GlobalSection(SolutionConfigurationPlatforms) = preSolution
		Debug|Any CPU = Debug|Any CPU
		Release|Any CPU = Release|Any CPU
	EndGlobalSection
	GlobalSection(ProjectConfigurationPlatforms) = postSolution
		{94804CC3-8974-4770-9DB1-326E6230F416}.Debug|Any CPU.ActiveCfg = Debug|Any CPU
		{94804CC3-8974-4770-9DB1-326E6230F416}.Debug|Any CPU.Build.0 = Debug|Any CPU
		{94804CC3-8974-4770-9DB1-326E6230F416}.Release|Any CPU.ActiveCfg = Release|Any CPU
		{94804CC3-8974-4770-9DB1-326E6230F416}.Release|Any CPU.Build.0 = Release|Any CPU
	EndGlobalSection
EndGlobal
